
Microsoft Visual Studio Solution File, Format Version 12.00
# Visual Studio Version 17
VisualStudioVersion = 17.9.34622.214
MinimumVisualStudioVersion = 10.0.40219.1
Project("{FAE04EC0-301F-11D3-BF4B-00C04F79EFBC}") = "BankingManagementSystem", "BankingManagementSystem\BankingManagementSystem.csproj", "{7D390EA2-3199-449D-AE47-D68BBD9F0219}"
EndProject
Project("{FAE04EC0-301F-11D3-BF4B-00C04F79EFBC}") = "BankingManagementSystem.Core", "BankingManagementSystem.Core\BankingManagementSystem.Core.csproj", "{5E37D945-9831-4760-9AB1-017FAC5178A4}"
EndProject
Project("{FAE04EC0-301F-11D3-BF4B-00C04F79EFBC}") = "BankingManagementSystem.Infrastructure", "BankingManagementSystem.Infrastructure\BankingManagementSystem.Infrastructure.csproj", "{A5AA43E4-2939-4A9C-B0B4-14466EB658A7}"
EndProject
Global
	GlobalSection(SolutionConfigurationPlatforms) = preSolution
		Debug|Any CPU = Debug|Any CPU
		Release|Any CPU = Release|Any CPU
	EndGlobalSection
	GlobalSection(ProjectConfigurationPlatforms) = postSolution
		{7D390EA2-3199-449D-AE47-D68BBD9F0219}.Debug|Any CPU.ActiveCfg = Debug|Any CPU
		{7D390EA2-3199-449D-AE47-D68BBD9F0219}.Debug|Any CPU.Build.0 = Debug|Any CPU
		{7D390EA2-3199-449D-AE47-D68BBD9F0219}.Release|Any CPU.ActiveCfg = Release|Any CPU
		{7D390EA2-3199-449D-AE47-D68BBD9F0219}.Release|Any CPU.Build.0 = Release|Any CPU
		{5E37D945-9831-4760-9AB1-017FAC5178A4}.Debug|Any CPU.ActiveCfg = Debug|Any CPU
		{5E37D945-9831-4760-9AB1-017FAC5178A4}.Debug|Any CPU.Build.0 = Debug|Any CPU
		{5E37D945-9831-4760-9AB1-017FAC5178A4}.Release|Any CPU.ActiveCfg = Release|Any CPU
		{5E37D945-9831-4760-9AB1-017FAC5178A4}.Release|Any CPU.Build.0 = Release|Any CPU
		{A5AA43E4-2939-4A9C-B0B4-14466EB658A7}.Debug|Any CPU.ActiveCfg = Debug|Any CPU
		{A5AA43E4-2939-4A9C-B0B4-14466EB658A7}.Debug|Any CPU.Build.0 = Debug|Any CPU
		{A5AA43E4-2939-4A9C-B0B4-14466EB658A7}.Release|Any CPU.ActiveCfg = Release|Any CPU
		{A5AA43E4-2939-4A9C-B0B4-14466EB658A7}.Release|Any CPU.Build.0 = Release|Any CPU
	EndGlobalSection
	GlobalSection(SolutionProperties) = preSolution
		HideSolutionNode = FALSE
	EndGlobalSection
	GlobalSection(ExtensibilityGlobals) = postSolution
		SolutionGuid = {9D3C1C44-ED37-4AD4-A3EE-2264B62CB374}
	EndGlobalSection
EndGlobal
